
Microsoft Visual Studio Solution File, Format Version 12.00
# Visual Studio Version 17
VisualStudioVersion = 17.11.35312.102
MinimumVisualStudioVersion = 10.0.40219.1
Project("{FAE04EC0-301F-11D3-BF4B-00C04F79EFBC}") = "RunHub", "RunHub.csproj", "{DB5A3127-2284-41DE-9736-4CB8240839F4}"
EndProject
Global
	GlobalSection(SolutionConfigurationPlatforms) = preSolution
		Debug|Any CPU = Debug|Any CPU
		Release|Any CPU = Release|Any CPU
	EndGlobalSection
	GlobalSection(ProjectConfigurationPlatforms) = postSolution
		{DB5A3127-2284-41DE-9736-4CB8240839F4}.Debug|Any CPU.ActiveCfg = Debug|Any CPU
		{DB5A3127-2284-41DE-9736-4CB8240839F4}.Debug|Any CPU.Build.0 = Debug|Any CPU
		{DB5A3127-2284-41DE-9736-4CB8240839F4}.Release|Any CPU.ActiveCfg = Release|Any CPU
		{DB5A3127-2284-41DE-9736-4CB8240839F4}.Release|Any CPU.Build.0 = Release|Any CPU
	EndGlobalSection
	GlobalSection(SolutionProperties) = preSolution
		HideSolutionNode = FALSE
	EndGlobalSection
	GlobalSection(ExtensibilityGlobals) = postSolution
		SolutionGuid = {4E48229C-58CC-4AF9-9DAE-7123919CA194}
	EndGlobalSection
EndGlobal
